
Microsoft Visual Studio Solution File, Format Version 12.00
# Visual Studio Version 16
VisualStudioVersion = 16.0.32602.291
MinimumVisualStudioVersion = 10.0.40219.1
Project("{FAE04EC0-301F-11D3-BF4B-00C04F79EFBC}") = "RenderSFML", "RenderSFML\RenderSFML.csproj", "{4784FBCF-6C9E-46DE-AA1E-91146735A853}"
EndProject
Global
	GlobalSection(SolutionConfigurationPlatforms) = preSolution
		Debug|Any CPU = Debug|Any CPU
		Release|Any CPU = Release|Any CPU
	EndGlobalSection
	GlobalSection(ProjectConfigurationPlatforms) = postSolution
		{4784FBCF-6C9E-46DE-AA1E-91146735A853}.Debug|Any CPU.ActiveCfg = Debug|Any CPU
		{4784FBCF-6C9E-46DE-AA1E-91146735A853}.Debug|Any CPU.Build.0 = Debug|Any CPU
		{4784FBCF-6C9E-46DE-AA1E-91146735A853}.Release|Any CPU.ActiveCfg = Release|Any CPU
		{4784FBCF-6C9E-46DE-AA1E-91146735A853}.Release|Any CPU.Build.0 = Release|Any CPU
	EndGlobalSection
	GlobalSection(SolutionProperties) = preSolution
		HideSolutionNode = FALSE
	EndGlobalSection
	GlobalSection(ExtensibilityGlobals) = postSolution
		SolutionGuid = {FDCF4625-A5E0-4BCD-BBAE-A28302672238}
	EndGlobalSection
EndGlobal
